
Microsoft Visual Studio Solution File, Format Version 12.00
# Visual Studio 15
VisualStudioVersion = 15.0.27428.2037
MinimumVisualStudioVersion = 10.0.40219.1
Project("{FAE04EC0-301F-11D3-BF4B-00C04F79EFBC}") = "ContentAwareFill", "ContentAwareFill.csproj", "{8DA3487E-8747-49C0-92EB-46033D4F9972}"
EndProject
Global
	GlobalSection(SolutionConfigurationPlatforms) = preSolution
		Debug|Any CPU = Debug|Any CPU
		Release|Any CPU = Release|Any CPU
	EndGlobalSection
	GlobalSection(ProjectConfigurationPlatforms) = postSolution
		{8DA3487E-8747-49C0-92EB-46033D4F9972}.Debug|Any CPU.ActiveCfg = Debug|Any CPU
		{8DA3487E-8747-49C0-92EB-46033D4F9972}.Debug|Any CPU.Build.0 = Debug|Any CPU
		{8DA3487E-8747-49C0-92EB-46033D4F9972}.Release|Any CPU.ActiveCfg = Release|Any CPU
		{8DA3487E-8747-49C0-92EB-46033D4F9972}.Release|Any CPU.Build.0 = Release|Any CPU
	EndGlobalSection
	GlobalSection(SolutionProperties) = preSolution
		HideSolutionNode = FALSE
	EndGlobalSection
	GlobalSection(ExtensibilityGlobals) = postSolution
		SolutionGuid = {1E9A8990-8C46-4C13-BE8C-2E07185389DB}
	EndGlobalSection
EndGlobal
